// !$*UTF8*$!
{
	archiveVersion = 1;
	classes = {
	};
	objectVersion = 55;
	objects = {

/* Begin PBXBuildFile section */
		E4D6BC67278D2FDA0062CC40 /* AppDelegate.swift in Sources */ = {isa = PBXBuildFile; fileRef = E4D6BC66278D2FDA0062CC40 /* AppDelegate.swift */; };
		E4D6BC69278D2FDA0062CC40 /* SceneDelegate.swift in Sources */ = {isa = PBXBuildFile; fileRef = E4D6BC68278D2FDA0062CC40 /* SceneDelegate.swift */; };
		E4D6BC6E278D2FDA0062CC40 /* Main.storyboard in Resources */ = {isa = PBXBuildFile; fileRef = E4D6BC6C278D2FDA0062CC40 /* Main.storyboard */; };
		E4D6BC70278D2FDD0062CC40 /* Assets.xcassets in Resources */ = {isa = PBXBuildFile; fileRef = E4D6BC6F278D2FDD0062CC40 /* Assets.xcassets */; };
		E4D6BC73278D2FDD0062CC40 /* LaunchScreen.storyboard in Resources */ = {isa = PBXBuildFile; fileRef = E4D6BC71278D2FDD0062CC40 /* LaunchScreen.storyboard */; };
		E4D6BC7B278D31310062CC40 /* MainViewController.swift in Sources */ = {isa = PBXBuildFile; fileRef = E4D6BC7A278D31310062CC40 /* MainViewController.swift */; };
		E4D6BC7D278D36A60062CC40 /* UIViewController+.swift in Sources */ = {isa = PBXBuildFile; fileRef = E4D6BC7C278D36A60062CC40 /* UIViewController+.swift */; };
/* End PBXBuildFile section */

/* Begin PBXFileReference section */
		E4D6BC63278D2FDA0062CC40 /* ImagePickerPractice.app */ = {isa = PBXFileReference; explicitFileType = wrapper.application; includeInIndex = 0; path = ImagePickerPractice.app; sourceTree = BUILT_PRODUCTS_DIR; };
		E4D6BC66278D2FDA0062CC40 /* AppDelegate.swift */ = {isa = PBXFileReference; lastKnownFileType = sourcecode.swift; path = AppDelegate.swift; sourceTree = "<group>"; };
		E4D6BC68278D2FDA0062CC40 /* SceneDelegate.swift */ = {isa = PBXFileReference; lastKnownFileType = sourcecode.swift; path = SceneDelegate.swift; sourceTree = "<group>"; };
		E4D6BC6D278D2FDA0062CC40 /* Base */ = {isa = PBXFileReference; lastKnownFileType = file.storyboard; name = Base; path = Base.lproj/Main.storyboard; sourceTree = "<group>"; };
		E4D6BC6F278D2FDD0062CC40 /* Assets.xcassets */ = {isa = PBXFileReference; lastKnownFileType = folder.assetcatalog; path = Assets.xcassets; sourceTree = "<group>"; };
		E4D6BC72278D2FDD0062CC40 /* Base */ = {isa = PBXFileReference; lastKnownFileType = file.storyboard; name = Base; path = Base.lproj/LaunchScreen.storyboard; sourceTree = "<group>"; };
		E4D6BC74278D2FDD0062CC40 /* Info.plist */ = {isa = PBXFileReference; lastKnownFileType = text.plist.xml; path = Info.plist; sourceTree = "<group>"; };
		E4D6BC7A278D31310062CC40 /* MainViewController.swift */ = {isa = PBXFileReference; lastKnownFileType = sourcecode.swift; path = MainViewController.swift; sourceTree = "<group>"; };
		E4D6BC7C278D36A60062CC40 /* UIViewController+.swift */ = {isa = PBXFileReference; lastKnownFileType = sourcecode.swift; path = "UIViewController+.swift"; sourceTree = "<group>"; };
/* End PBXFileReference section */

/* Begin PBXFrameworksBuildPhase section */
		E4D6BC60278D2FDA0062CC40 /* Frameworks */ = {
			isa = PBXFrameworksBuildPhase;
			buildActionMask = 2147483647;
			files = (
			);
			runOnlyForDeploymentPostprocessing = 0;
		};
/* End PBXFrameworksBuildPhase section */

/* Begin PBXGroup section */
		E4D6BC5A278D2FDA0062CC40 = {
			isa = PBXGroup;
			children = (
				E4D6BC65278D2FDA0062CC40 /* ImagePickerPractice */,
				E4D6BC64278D2FDA0062CC40 /* Products */,
			);
			sourceTree = "<group>";
		};
		E4D6BC64278D2FDA0062CC40 /* Products */ = {
			isa = PBXGroup;
			children = (
				E4D6BC63278D2FDA0062CC40 /* ImagePickerPractice.app */,
			);
			name = Products;
			sourceTree = "<group>";
		};
		E4D6BC65278D2FDA0062CC40 /* ImagePickerPractice */ = {
			isa = PBXGroup;
			children = (
				E4D6BC66278D2FDA0062CC40 /* AppDelegate.swift */,
				E4D6BC68278D2FDA0062CC40 /* SceneDelegate.swift */,
				E4D6BC6C278D2FDA0062CC40 /* Main.storyboard */,
				E4D6BC7A278D31310062CC40 /* MainViewController.swift */,
				E4D6BC7C278D36A60062CC40 /* UIViewController+.swift */,
				E4D6BC6F278D2FDD0062CC40 /* Assets.xcassets */,
				E4D6BC71278D2FDD0062CC40 /* LaunchScreen.storyboard */,
				E4D6BC74278D2FDD0062CC40 /* Info.plist */,
			);
			path = ImagePickerPractice;
			sourceTree = "<group>";
		};
/* End PBXGroup section */

/* Begin PBXNativeTarget section */
		E4D6BC62278D2FDA0062CC40 /* ImagePickerPractice */ = {
			isa = PBXNativeTarget;
			buildConfigurationList = E4D6BC77278D2FDD0062CC40 /* Build configuration list for PBXNativeTarget "ImagePickerPractice" */;
			buildPhases = (
				E4D6BC5F278D2FDA0062CC40 /* Sources */,
				E4D6BC60278D2FDA0062CC40 /* Frameworks */,
				E4D6BC61278D2FDA0062CC40 /* Resources */,
			);
			buildRules = (
			);
			dependencies = (
			);
			name = ImagePickerPractice;
			productName = ImagePickerPractice;
			productReference = E4D6BC63278D2FDA0062CC40 /* ImagePickerPractice.app */;
			productType = "com.apple.product-type.application";
		};
/* End PBXNativeTarget section */

/* Begin PBXProject section */
		E4D6BC5B278D2FDA0062CC40 /* Project object */ = {
			isa = PBXProject;
			attributes = {
				BuildIndependentTargetsInParallel = 1;
				LastSwiftUpdateCheck = 1310;
				LastUpgradeCheck = 1310;
				TargetAttributes = {
					E4D6BC62278D2FDA0062CC40 = {
						CreatedOnToolsVersion = 13.1;
					};
				};
			};
			buildConfigurationList = E4D6BC5E278D2FDA0062CC40 /* Build configuration list for PBXProject "ImagePickerPractice" */;
			compatibilityVersion = "Xcode 13.0";
			developmentRegion = en;
			hasScannedForEncodings = 0;
			knownRegions = (
				en,
				Base,
			);
			mainGroup = E4D6BC5A278D2FDA0062CC40;
			productRefGroup = E4D6BC64278D2FDA0062CC40 /* Products */;
			projectDirPath = "";
			projectRoot = "";
			targets = (
				E4D6BC62278D2FDA0062CC40 /* ImagePickerPractice */,
			);
		};
/* End PBXProject section */

/* Begin PBXResourcesBuildPhase section */
		E4D6BC61278D2FDA0062CC40 /* Resources */ = {
			isa = PBXResourcesBuildPhase;
			buildActionMask = 2147483647;
			files = (
				E4D6BC73278D2FDD0062CC40 /* LaunchScreen.storyboard in Resources */,
				E4D6BC70278D2FDD0062CC40 /* Assets.xcassets in Resources */,
				E4D6BC6E278D2FDA0062CC40 /* Main.storyboard in Resources */,
			);
			runOnlyForDeploymentPostprocessing = 0;
		};
/* End PBXResourcesBuildPhase section */

/* Begin PBXSourcesBuildPhase section */
		E4D6BC5F278D2FDA0062CC40 /* Sources */ = {
			isa = PBXSourcesBuildPhase;
			buildActionMask = 2147483647;
			files = (
				E4D6BC7B278D31310062CC40 /* MainViewController.swift in Sources */,
				E4D6BC67278D2FDA0062CC40 /* AppDelegate.swift in Sources */,
				E4D6BC69278D2FDA0062CC40 /* SceneDelegate.swift in Sources */,
				E4D6BC7D278D36A60062CC40 /* UIViewController+.swift in Sources */,
			);
			runOnlyForDeploymentPostprocessing = 0;
		};
/* End PBXSourcesBuildPhase section */

/* Begin PBXVariantGroup section */
		E4D6BC6C278D2FDA0062CC40 /* Main.storyboard */ = {
			isa = PBXVariantGroup;
			children = (
				E4D6BC6D278D2FDA0062CC40 /* Base */,
			);
			name = Main.storyboard;
			sourceTree = "<group>";
		};
		E4D6BC71278D2FDD0062CC40 /* LaunchScreen.storyboard */ = {
			isa = PBXVariantGroup;
			children = (
				E4D6BC72278D2FDD0062CC40 /* Base */,
			);
			name = LaunchScreen.storyboard;
			sourceTree = "<group>";
		};
/* End PBXVariantGroup section */

/* Begin XCBuildConfiguration section */
		E4D6BC75278D2FDD0062CC40 /* Debug */ = {
			isa = XCBuildConfiguration;
			buildSettings = {
				ALWAYS_SEARCH_USER_PATHS = NO;
				CLANG_ANALYZER_NONNULL = YES;
				CLANG_ANALYZER_NUMBER_OBJECT_CONVERSION = YES_AGGRESSIVE;
				CLANG_CXX_LANGUAGE_STANDARD = "gnu++17";
				CLANG_CXX_LIBRARY = "libc++";
				CLANG_ENABLE_MODULES = YES;
				CLANG_ENABLE_OBJC_ARC = YES;
				CLANG_ENABLE_OBJC_WEAK = YES;
				CLANG_WARN_BLOCK_CAPTURE_AUTORELEASING = YES;
				CLANG_WARN_BOOL_CONVERSION = YES;
				CLANG_WARN_COMMA = YES;
				CLANG_WARN_CONSTANT_CONVERSION = YES;
				CLANG_WARN_DEPRECATED_OBJC_IMPLEMENTATIONS = YES;
				CLANG_WARN_DIRECT_OBJC_ISA_USAGE = YES_ERROR;
				CLANG_WARN_DOCUMENTATION_COMMENTS = YES;
				CLANG_WARN_EMPTY_BODY = YES;
				CLANG_WARN_ENUM_CONVERSION = YES;
				CLANG_WARN_INFINITE_RECURSION = YES;
				CLANG_WARN_INT_CONVERSION = YES;
				CLANG_WARN_NON_LITERAL_NULL_CONVERSION = YES;
				CLANG_WARN_OBJC_IMPLICIT_RETAIN_SELF = YES;
				CLANG_WARN_OBJC_LITERAL_CONVERSION = YES;
				CLANG_WARN_OBJC_ROOT_CLASS = YES_ERROR;
				CLANG_WARN_QUOTED_INCLUDE_IN_FRAMEWORK_HEADER = YES;
				CLANG_WARN_RANGE_LOOP_ANALYSIS = YES;
				CLANG_WARN_STRICT_PROTOTYPES = YES;
				CLANG_WARN_SUSPICIOUS_MOVE = YES;
				CLANG_WARN_UNGUARDED_AVAILABILITY = YES_AGGRESSIVE;
				CLANG_WARN_UNREACHABLE_CODE = YES;
				CLANG_WARN__DUPLICATE_METHOD_MATCH = YES;
				COPY_PHASE_STRIP = NO;
				DEBUG_INFORMATION_FORMAT = dwarf;
				ENABLE_STRICT_OBJC_MSGSEND = YES;
				ENABLE_TESTABILITY = YES;
				GCC_C_LANGUAGE_STANDARD = gnu11;
				GCC_DYNAMIC_NO_PIC = NO;
				GCC_NO_COMMON_BLOCKS = YES;
				GCC_OPTIMIZATION_LEVEL = 0;
				GCC_PREPROCESSOR_DEFINITIONS = (
					"DEBUG=1",
					"$(inherited)",
				);
				GCC_WARN_64_TO_32_BIT_CONVERSION = YES;
				GCC_WARN_ABOUT_RETURN_TYPE = YES_ERROR;
				GCC_WARN_UNDECLARED_SELECTOR = YES;
				GCC_WARN_UNINITIALIZED_AUTOS = YES_AGGRESSIVE;
				GCC_WARN_UNUSED_FUNCTION = YES;
				GCC_WARN_UNUSED_VARIABLE = YES;
				IPHONEOS_DEPLOYMENT_TARGET = 15.0;
				MTL_ENABLE_DEBUG_INFO = INCLUDE_SOURCE;
				MTL_FAST_MATH = YES;
				ONLY_ACTIVE_ARCH = YES;
				SDKROOT = iphoneos;
				SWIFT_ACTIVE_COMPILATION_CONDITIONS = DEBUG;
				SWIFT_OPTIMIZATION_LEVEL = "-Onone";
			};
			name = Debug;
		};
		E4D6BC76278D2FDD0062CC40 /* Release */ = {
			isa = XCBuildConfiguration;
			buildSettings = {
				ALWAYS_SEARCH_USER_PATHS = NO;
				CLANG_ANALYZER_NONNULL = YES;
				CLANG_ANALYZER_NUMBER_OBJECT_CONVERSION = YES_AGGRESSIVE;
				CLANG_CXX_LANGUAGE_STANDARD = "gnu++17";
				CLANG_CXX_LIBRARY = "libc++";
				CLANG_ENABLE_MODULES = YES;
				CLANG_ENABLE_OBJC_ARC = YES;
				CLANG_ENABLE_OBJC_WEAK = YES;
				CLANG_WARN_BLOCK_CAPTURE_AUTORELEASING = YES;
				CLANG_WARN_BOOL_CONVERSION = YES;
				CLANG_WARN_COMMA = YES;
				CLANG_WARN_CONSTANT_CONVERSION = YES;
				CLANG_WARN_DEPRECATED_OBJC_IMPLEMENTATIONS = YES;
				CLANG_WARN_DIRECT_OBJC_ISA_USAGE = YES_ERROR;
				CLANG_WARN_DOCUMENTATION_COMMENTS = YES;
				CLANG_WARN_EMPTY_BODY = YES;
				CLANG_WARN_ENUM_CONVERSION = YES;
				CLANG_WARN_INFINITE_RECURSION = YES;
				CLANG_WARN_INT_CONVERSION = YES;
				CLANG_WARN_NON_LITERAL_NULL_CONVERSION = YES;
				CLANG_WARN_OBJC_IMPLICIT_RETAIN_SELF = YES;
				CLANG_WARN_OBJC_LITERAL_CONVERSION = YES;
				CLANG_WARN_OBJC_ROOT_CLASS = YES_ERROR;
				CLANG_WARN_QUOTED_INCLUDE_IN_FRAMEWORK_HEADER = YES;
				CLANG_WARN_RANGE_LOOP_ANALYSIS = YES;
				CLANG_WARN_STRICT_PROTOTYPES = YES;
				CLANG_WARN_SUSPICIOUS_MOVE = YES;
				CLANG_WARN_UNGUARDED_AVAILABILITY = YES_AGGRESSIVE;
				CLANG_WARN_UNREACHABLE_CODE = YES;
				CLANG_WARN__DUPLICATE_METHOD_MATCH = YES;
				COPY_PHASE_STRIP = NO;
				DEBUG_INFORMATION_FORMAT = "dwarf-with-dsym";
				ENABLE_NS_ASSERTIONS = NO;
				ENABLE_STRICT_OBJC_MSGSEND = YES;
				GCC_C_LANGUAGE_STANDARD = gnu11;
				GCC_NO_COMMON_BLOCKS = YES;
				GCC_WARN_64_TO_32_BIT_CONVERSION = YES;
				GCC_WARN_ABOUT_RETURN_TYPE = YES_ERROR;
				GCC_WARN_UNDECLARED_SELECTOR = YES;
				GCC_WARN_UNINITIALIZED_AUTOS = YES_AGGRESSIVE;
				GCC_WARN_UNUSED_FUNCTION = YES;
				GCC_WARN_UNUSED_VARIABLE = YES;
				IPHONEOS_DEPLOYMENT_TARGET = 15.0;
				MTL_ENABLE_DEBUG_INFO = NO;
				MTL_FAST_MATH = YES;
				SDKROOT = iphoneos;
				SWIFT_COMPILATION_MODE = wholemodule;
				SWIFT_OPTIMIZATION_LEVEL = "-O";
				VALIDATE_PRODUCT = YES;
			};
			name = Release;
		};
		E4D6BC78278D2FDD0062CC40 /* Debug */ = {
			isa = XCBuildConfiguration;
			buildSettings = {
				ASSETCATALOG_COMPILER_APPICON_NAME = AppIcon;
				ASSETCATALOG_COMPILER_GLOBAL_ACCENT_COLOR_NAME = AccentColor;
				CODE_SIGN_STYLE = Automatic;
				CURRENT_PROJECT_VERSION = 1;
				DEVELOPMENT_TEAM = 67Z2Y2BMXN;
				GENERATE_INFOPLIST_FILE = YES;
				INFOPLIST_FILE = ImagePickerPractice/Info.plist;
				INFOPLIST_KEY_UIApplicationSupportsIndirectInputEvents = YES;
				INFOPLIST_KEY_UILaunchStoryboardName = LaunchScreen;
				INFOPLIST_KEY_UIMainStoryboardFile = Main;
				INFOPLIST_KEY_UISupportedInterfaceOrientations_iPad = "UIInterfaceOrientationPortrait UIInterfaceOrientationPortraitUpsideDown UIInterfaceOrientationLandscapeLeft UIInterfaceOrientationLandscapeRight";
				INFOPLIST_KEY_UISupportedInterfaceOrientations_iPhone = "UIInterfaceOrientationPortrait UIInterfaceOrientationLandscapeLeft UIInterfaceOrientationLandscapeRight";
				LD_RUNPATH_SEARCH_PATHS = (
					"$(inherited)",
					"@executable_path/Frameworks",
				);
				MARKETING_VERSION = 1.0;
				PRODUCT_BUNDLE_IDENTIFIER = com.ngominhtong.ImagePickerPractice;
				PRODUCT_NAME = "$(TARGET_NAME)";
				SWIFT_EMIT_LOC_STRINGS = YES;
				SWIFT_VERSION = 5.0;
				TARGETED_DEVICE_FAMILY = "1,2";
			};
			name = Debug;
		};
		E4D6BC79278D2FDD0062CC40 /* Release */ = {
			isa = XCBuildConfiguration;
			buildSettings = {
				ASSETCATALOG_COMPILER_APPICON_NAME = AppIcon;
				ASSETCATALOG_COMPILER_GLOBAL_ACCENT_COLOR_NAME = AccentColor;
				CODE_SIGN_STYLE = Automatic;
				CURRENT_PROJECT_VERSION = 1;
				DEVELOPMENT_TEAM = 67Z2Y2BMXN;
				GENERATE_INFOPLIST_FILE = YES;
				INFOPLIST_FILE = ImagePickerPractice/Info.plist;
				INFOPLIST_KEY_UIApplicationSupportsIndirectInputEvents = YES;
				INFOPLIST_KEY_UILaunchStoryboardName = LaunchScreen;
				INFOPLIST_KEY_UIMainStoryboardFile = Main;
				INFOPLIST_KEY_UISupportedInterfaceOrientations_iPad = "UIInterfaceOrientationPortrait UIInterfaceOrientationPortraitUpsideDown UIInterfaceOrientationLandscapeLeft UIInterfaceOrientationLandscapeRight";
				INFOPLIST_KEY_UISupportedInterfaceOrientations_iPhone = "UIInterfaceOrientationPortrait UIInterfaceOrientationLandscapeLeft UIInterfaceOrientationLandscapeRight";
				LD_RUNPATH_SEARCH_PATHS = (
					"$(inherited)",
					"@executable_path/Frameworks",
				);
				MARKETING_VERSION = 1.0;
				PRODUCT_BUNDLE_IDENTIFIER = com.ngominhtong.ImagePickerPractice;
				PRODUCT_NAME = "$(TARGET_NAME)";
				SWIFT_EMIT_LOC_STRINGS = YES;
				SWIFT_VERSION = 5.0;
				TARGETED_DEVICE_FAMILY = "1,2";
			};
			name = Release;
		};
/* End XCBuildConfiguration section */

/* Begin XCConfigurationList section */
		E4D6BC5E278D2FDA0062CC40 /* Build configuration list for PBXProject "ImagePickerPractice" */ = {
			isa = XCConfigurationList;
			buildConfigurations = (
				E4D6BC75278D2FDD0062CC40 /* Debug */,
				E4D6BC76278D2FDD0062CC40 /* Release */,
			);
			defaultConfigurationIsVisible = 0;
			defaultConfigurationName = Release;
		};
		E4D6BC77278D2FDD0062CC40 /* Build configuration list for PBXNativeTarget "ImagePickerPractice" */ = {
			isa = XCConfigurationList;
			buildConfigurations = (
				E4D6BC78278D2FDD0062CC40 /* Debug */,
				E4D6BC79278D2FDD0062CC40 /* Release */,
			);
			defaultConfigurationIsVisible = 0;
			defaultConfigurationName = Release;
		};
/* End XCConfigurationList section */
	};
	rootObject = E4D6BC5B278D2FDA0062CC40 /* Project object */;
}
